// !$*UTF8*$!
{
	archiveVersion = 1;
	classes = {
	};
	objectVersion = 46;
	objects = {

/* Begin PBXBuildFile section */
		26E1408E1EC690D20011C13E /* AppDelegate.swift in Sources */ = {isa = PBXBuildFile; fileRef = 26E1408D1EC690D20011C13E /* AppDelegate.swift */; };
		26E140901EC690D20011C13E /* ViewController.swift in Sources */ = {isa = PBXBuildFile; fileRef = 26E1408F1EC690D20011C13E /* ViewController.swift */; };
		26E140931EC690D20011C13E /* Main.storyboard in Resources */ = {isa = PBXBuildFile; fileRef = 26E140911EC690D20011C13E /* Main.storyboard */; };
		26E140951EC690D20011C13E /* Assets.xcassets in Resources */ = {isa = PBXBuildFile; fileRef = 26E140941EC690D20011C13E /* Assets.xcassets */; };
		26E140981EC690D20011C13E /* LaunchScreen.storyboard in Resources */ = {isa = PBXBuildFile; fileRef = 26E140961EC690D20011C13E /* LaunchScreen.storyboard */; };
		26E140A31EC690D20011C13E /* MySiemensTrackerTests.swift in Sources */ = {isa = PBXBuildFile; fileRef = 26E140A21EC690D20011C13E /* MySiemensTrackerTests.swift */; };
		26E140AE1EC690D20011C13E /* MySiemensTrackerUITests.swift in Sources */ = {isa = PBXBuildFile; fileRef = 26E140AD1EC690D20011C13E /* MySiemensTrackerUITests.swift */; };
/* End PBXBuildFile section */

/* Begin PBXContainerItemProxy section */
		26E1409F1EC690D20011C13E /* PBXContainerItemProxy */ = {
			isa = PBXContainerItemProxy;
			containerPortal = 26E140821EC690D20011C13E /* Project object */;
			proxyType = 1;
			remoteGlobalIDString = 26E140891EC690D20011C13E;
			remoteInfo = MySiemensTracker;
		};
		26E140AA1EC690D20011C13E /* PBXContainerItemProxy */ = {
			isa = PBXContainerItemProxy;
			containerPortal = 26E140821EC690D20011C13E /* Project object */;
			proxyType = 1;
			remoteGlobalIDString = 26E140891EC690D20011C13E;
			remoteInfo = MySiemensTracker;
		};
/* End PBXContainerItemProxy section */

/* Begin PBXFileReference section */
		26E1408A1EC690D20011C13E /* MySiemensTracker.app */ = {isa = PBXFileReference; explicitFileType = wrapper.application; includeInIndex = 0; path = MySiemensTracker.app; sourceTree = BUILT_PRODUCTS_DIR; };
		26E1408D1EC690D20011C13E /* AppDelegate.swift */ = {isa = PBXFileReference; lastKnownFileType = sourcecode.swift; path = AppDelegate.swift; sourceTree = "<group>"; };
		26E1408F1EC690D20011C13E /* ViewController.swift */ = {isa = PBXFileReference; lastKnownFileType = sourcecode.swift; path = ViewController.swift; sourceTree = "<group>"; };
		26E140921EC690D20011C13E /* Base */ = {isa = PBXFileReference; lastKnownFileType = file.storyboard; name = Base; path = Base.lproj/Main.storyboard; sourceTree = "<group>"; };
		26E140941EC690D20011C13E /* Assets.xcassets */ = {isa = PBXFileReference; lastKnownFileType = folder.assetcatalog; path = Assets.xcassets; sourceTree = "<group>"; };
		26E140971EC690D20011C13E /* Base */ = {isa = PBXFileReference; lastKnownFileType = file.storyboard; name = Base; path = Base.lproj/LaunchScreen.storyboard; sourceTree = "<group>"; };
		26E140991EC690D20011C13E /* Info.plist */ = {isa = PBXFileReference; lastKnownFileType = text.plist.xml; path = Info.plist; sourceTree = "<group>"; };
		26E1409E1EC690D20011C13E /* MySiemensTrackerTests.xctest */ = {isa = PBXFileReference; explicitFileType = wrapper.cfbundle; includeInIndex = 0; path = MySiemensTrackerTests.xctest; sourceTree = BUILT_PRODUCTS_DIR; };
		26E140A21EC690D20011C13E /* MySiemensTrackerTests.swift */ = {isa = PBXFileReference; lastKnownFileType = sourcecode.swift; path = MySiemensTrackerTests.swift; sourceTree = "<group>"; };
		26E140A41EC690D20011C13E /* Info.plist */ = {isa = PBXFileReference; lastKnownFileType = text.plist.xml; path = Info.plist; sourceTree = "<group>"; };
		26E140A91EC690D20011C13E /* MySiemensTrackerUITests.xctest */ = {isa = PBXFileReference; explicitFileType = wrapper.cfbundle; includeInIndex = 0; path = MySiemensTrackerUITests.xctest; sourceTree = BUILT_PRODUCTS_DIR; };
		26E140AD1EC690D20011C13E /* MySiemensTrackerUITests.swift */ = {isa = PBXFileReference; lastKnownFileType = sourcecode.swift; path = MySiemensTrackerUITests.swift; sourceTree = "<group>"; };
		26E140AF1EC690D20011C13E /* Info.plist */ = {isa = PBXFileReference; lastKnownFileType = text.plist.xml; path = Info.plist; sourceTree = "<group>"; };
/* End PBXFileReference section */

/* Begin PBXFrameworksBuildPhase section */
		26E140871EC690D20011C13E /* Frameworks */ = {
			isa = PBXFrameworksBuildPhase;
			buildActionMask = 2147483647;
			files = (
			);
			runOnlyForDeploymentPostprocessing = 0;
		};
		26E1409B1EC690D20011C13E /* Frameworks */ = {
			isa = PBXFrameworksBuildPhase;
			buildActionMask = 2147483647;
			files = (
			);
			runOnlyForDeploymentPostprocessing = 0;
		};
		26E140A61EC690D20011C13E /* Frameworks */ = {
			isa = PBXFrameworksBuildPhase;
			buildActionMask = 2147483647;
			files = (
			);
			runOnlyForDeploymentPostprocessing = 0;
		};
/* End PBXFrameworksBuildPhase section */

/* Begin PBXGroup section */
		26E140811EC690D20011C13E = {
			isa = PBXGroup;
			children = (
				26E1408C1EC690D20011C13E /* MySiemensTracker */,
				26E140A11EC690D20011C13E /* MySiemensTrackerTests */,
				26E140AC1EC690D20011C13E /* MySiemensTrackerUITests */,
				26E1408B1EC690D20011C13E /* Products */,
			);
			sourceTree = "<group>";
		};
		26E1408B1EC690D20011C13E /* Products */ = {
			isa = PBXGroup;
			children = (
				26E1408A1EC690D20011C13E /* MySiemensTracker.app */,
				26E1409E1EC690D20011C13E /* MySiemensTrackerTests.xctest */,
				26E140A91EC690D20011C13E /* MySiemensTrackerUITests.xctest */,
			);
			name = Products;
			sourceTree = "<group>";
		};
		26E1408C1EC690D20011C13E /* MySiemensTracker */ = {
			isa = PBXGroup;
			children = (
				26E1408D1EC690D20011C13E /* AppDelegate.swift */,
				26E1408F1EC690D20011C13E /* ViewController.swift */,
				26E140911EC690D20011C13E /* Main.storyboard */,
				26E140941EC690D20011C13E /* Assets.xcassets */,
				26E140961EC690D20011C13E /* LaunchScreen.storyboard */,
				26E140991EC690D20011C13E /* Info.plist */,
			);
			path = MySiemensTracker;
			sourceTree = "<group>";
		};
		26E140A11EC690D20011C13E /* MySiemensTrackerTests */ = {
			isa = PBXGroup;
			children = (
				26E140A21EC690D20011C13E /* MySiemensTrackerTests.swift */,
				26E140A41EC690D20011C13E /* Info.plist */,
			);
			path = MySiemensTrackerTests;
			sourceTree = "<group>";
		};
		26E140AC1EC690D20011C13E /* MySiemensTrackerUITests */ = {
			isa = PBXGroup;
			children = (
				26E140AD1EC690D20011C13E /* MySiemensTrackerUITests.swift */,
				26E140AF1EC690D20011C13E /* Info.plist */,
			);
			path = MySiemensTrackerUITests;
			sourceTree = "<group>";
		};
/* End PBXGroup section */

/* Begin PBXNativeTarget section */
		26E140891EC690D20011C13E /* MySiemensTracker */ = {
			isa = PBXNativeTarget;
			buildConfigurationList = 26E140B21EC690D20011C13E /* Build configuration list for PBXNativeTarget "MySiemensTracker" */;
			buildPhases = (
				26E140861EC690D20011C13E /* Sources */,
				26E140871EC690D20011C13E /* Frameworks */,
				26E140881EC690D20011C13E /* Resources */,
			);
			buildRules = (
			);
			dependencies = (
			);
			name = MySiemensTracker;
			productName = MySiemensTracker;
			productReference = 26E1408A1EC690D20011C13E /* MySiemensTracker.app */;
			productType = "com.apple.product-type.application";
		};
		26E1409D1EC690D20011C13E /* MySiemensTrackerTests */ = {
			isa = PBXNativeTarget;
			buildConfigurationList = 26E140B51EC690D20011C13E /* Build configuration list for PBXNativeTarget "MySiemensTrackerTests" */;
			buildPhases = (
				26E1409A1EC690D20011C13E /* Sources */,
				26E1409B1EC690D20011C13E /* Frameworks */,
				26E1409C1EC690D20011C13E /* Resources */,
			);
			buildRules = (
			);
			dependencies = (
				26E140A01EC690D20011C13E /* PBXTargetDependency */,
			);
			name = MySiemensTrackerTests;
			productName = MySiemensTrackerTests;
			productReference = 26E1409E1EC690D20011C13E /* MySiemensTrackerTests.xctest */;
			productType = "com.apple.product-type.bundle.unit-test";
		};
		26E140A81EC690D20011C13E /* MySiemensTrackerUITests */ = {
			isa = PBXNativeTarget;
			buildConfigurationList = 26E140B81EC690D20011C13E /* Build configuration list for PBXNativeTarget "MySiemensTrackerUITests" */;
			buildPhases = (
				26E140A51EC690D20011C13E /* Sources */,
				26E140A61EC690D20011C13E /* Frameworks */,
				26E140A71EC690D20011C13E /* Resources */,
			);
			buildRules = (
			);
			dependencies = (
				26E140AB1EC690D20011C13E /* PBXTargetDependency */,
			);
			name = MySiemensTrackerUITests;
			productName = MySiemensTrackerUITests;
			productReference = 26E140A91EC690D20011C13E /* MySiemensTrackerUITests.xctest */;
			productType = "com.apple.product-type.bundle.ui-testing";
		};
/* End PBXNativeTarget section */

/* Begin PBXProject section */
		26E140821EC690D20011C13E /* Project object */ = {
			isa = PBXProject;
			attributes = {
				LastSwiftUpdateCheck = 0830;
				LastUpgradeCheck = 0830;
				ORGANIZATIONNAME = bustasari;
				TargetAttributes = {
					26E140891EC690D20011C13E = {
						CreatedOnToolsVersion = 8.3.2;
						DevelopmentTeam = 9BD5CYJ2VD;
						ProvisioningStyle = Automatic;
					};
					26E1409D1EC690D20011C13E = {
						CreatedOnToolsVersion = 8.3.2;
						DevelopmentTeam = 9BD5CYJ2VD;
						ProvisioningStyle = Automatic;
						TestTargetID = 26E140891EC690D20011C13E;
					};
					26E140A81EC690D20011C13E = {
						CreatedOnToolsVersion = 8.3.2;
						DevelopmentTeam = 9BD5CYJ2VD;
						ProvisioningStyle = Automatic;
						TestTargetID = 26E140891EC690D20011C13E;
					};
				};
			};
			buildConfigurationList = 26E140851EC690D20011C13E /* Build configuration list for PBXProject "MySiemensTracker" */;
			compatibilityVersion = "Xcode 3.2";
			developmentRegion = English;
			hasScannedForEncodings = 0;
			knownRegions = (
				en,
				Base,
			);
			mainGroup = 26E140811EC690D20011C13E;
			productRefGroup = 26E1408B1EC690D20011C13E /* Products */;
			projectDirPath = "";
			projectRoot = "";
			targets = (
				26E140891EC690D20011C13E /* MySiemensTracker */,
				26E1409D1EC690D20011C13E /* MySiemensTrackerTests */,
				26E140A81EC690D20011C13E /* MySiemensTrackerUITests */,
			);
		};
/* End PBXProject section */

/* Begin PBXResourcesBuildPhase section */
		26E140881EC690D20011C13E /* Resources */ = {
			isa = PBXResourcesBuildPhase;
			buildActionMask = 2147483647;
			files = (
				26E140981EC690D20011C13E /* LaunchScreen.storyboard in Resources */,
				26E140951EC690D20011C13E /* Assets.xcassets in Resources */,
				26E140931EC690D20011C13E /* Main.storyboard in Resources */,
			);
			runOnlyForDeploymentPostprocessing = 0;
		};
		26E1409C1EC690D20011C13E /* Resources */ = {
			isa = PBXResourcesBuildPhase;
			buildActionMask = 2147483647;
			files = (
			);
			runOnlyForDeploymentPostprocessing = 0;
		};
		26E140A71EC690D20011C13E /* Resources */ = {
			isa = PBXResourcesBuildPhase;
			buildActionMask = 2147483647;
			files = (
			);
			runOnlyForDeploymentPostprocessing = 0;
		};
/* End PBXResourcesBuildPhase section */

/* Begin PBXSourcesBuildPhase section */
		26E140861EC690D20011C13E /* Sources */ = {
			isa = PBXSourcesBuildPhase;
			buildActionMask = 2147483647;
			files = (
				26E140901EC690D20011C13E /* ViewController.swift in Sources */,
				26E1408E1EC690D20011C13E /* AppDelegate.swift in Sources */,
			);
			runOnlyForDeploymentPostprocessing = 0;
		};
		26E1409A1EC690D20011C13E /* Sources */ = {
			isa = PBXSourcesBuildPhase;
			buildActionMask = 2147483647;
			files = (
				26E140A31EC690D20011C13E /* MySiemensTrackerTests.swift in Sources */,
			);
			runOnlyForDeploymentPostprocessing = 0;
		};
		26E140A51EC690D20011C13E /* Sources */ = {
			isa = PBXSourcesBuildPhase;
			buildActionMask = 2147483647;
			files = (
				26E140AE1EC690D20011C13E /* MySiemensTrackerUITests.swift in Sources */,
			);
			runOnlyForDeploymentPostprocessing = 0;
		};
/* End PBXSourcesBuildPhase section */

/* Begin PBXTargetDependency section */
		26E140A01EC690D20011C13E /* PBXTargetDependency */ = {
			isa = PBXTargetDependency;
			target = 26E140891EC690D20011C13E /* MySiemensTracker */;
			targetProxy = 26E1409F1EC690D20011C13E /* PBXContainerItemProxy */;
		};
		26E140AB1EC690D20011C13E /* PBXTargetDependency */ = {
			isa = PBXTargetDependency;
			target = 26E140891EC690D20011C13E /* MySiemensTracker */;
			targetProxy = 26E140AA1EC690D20011C13E /* PBXContainerItemProxy */;
		};
/* End PBXTargetDependency section */

/* Begin PBXVariantGroup section */
		26E140911EC690D20011C13E /* Main.storyboard */ = {
			isa = PBXVariantGroup;
			children = (
				26E140921EC690D20011C13E /* Base */,
			);
			name = Main.storyboard;
			sourceTree = "<group>";
		};
		26E140961EC690D20011C13E /* LaunchScreen.storyboard */ = {
			isa = PBXVariantGroup;
			children = (
				26E140971EC690D20011C13E /* Base */,
			);
			name = LaunchScreen.storyboard;
			sourceTree = "<group>";
		};
/* End PBXVariantGroup section */

/* Begin XCBuildConfiguration section */
		26E140B01EC690D20011C13E /* Debug */ = {
			isa = XCBuildConfiguration;
			buildSettings = {
				ALWAYS_SEARCH_USER_PATHS = NO;
				CLANG_ANALYZER_NONNULL = YES;
				CLANG_ANALYZER_NUMBER_OBJECT_CONVERSION = YES_AGGRESSIVE;
				CLANG_CXX_LANGUAGE_STANDARD = "gnu++0x";
				CLANG_CXX_LIBRARY = "libc++";
				CLANG_ENABLE_MODULES = YES;
				CLANG_ENABLE_OBJC_ARC = YES;
				CLANG_WARN_BOOL_CONVERSION = YES;
				CLANG_WARN_CONSTANT_CONVERSION = YES;
				CLANG_WARN_DIRECT_OBJC_ISA_USAGE = YES_ERROR;
				CLANG_WARN_DOCUMENTATION_COMMENTS = YES;
				CLANG_WARN_EMPTY_BODY = YES;
				CLANG_WARN_ENUM_CONVERSION = YES;
				CLANG_WARN_INFINITE_RECURSION = YES;
				CLANG_WARN_INT_CONVERSION = YES;
				CLANG_WARN_OBJC_ROOT_CLASS = YES_ERROR;
				CLANG_WARN_SUSPICIOUS_MOVE = YES;
				CLANG_WARN_UNREACHABLE_CODE = YES;
				CLANG_WARN__DUPLICATE_METHOD_MATCH = YES;
				"CODE_SIGN_IDENTITY[sdk=iphoneos*]" = "iPhone Developer";
				COPY_PHASE_STRIP = NO;
				DEBUG_INFORMATION_FORMAT = dwarf;
				ENABLE_STRICT_OBJC_MSGSEND = YES;
				ENABLE_TESTABILITY = YES;
				GCC_C_LANGUAGE_STANDARD = gnu99;
				GCC_DYNAMIC_NO_PIC = NO;
				GCC_NO_COMMON_BLOCKS = YES;
				GCC_OPTIMIZATION_LEVEL = 0;
				GCC_PREPROCESSOR_DEFINITIONS = (
					"DEBUG=1",
					"$(inherited)",
				);
				GCC_WARN_64_TO_32_BIT_CONVERSION = YES;
				GCC_WARN_ABOUT_RETURN_TYPE = YES_ERROR;
				GCC_WARN_UNDECLARED_SELECTOR = YES;
				GCC_WARN_UNINITIALIZED_AUTOS = YES_AGGRESSIVE;
				GCC_WARN_UNUSED_FUNCTION = YES;
				GCC_WARN_UNUSED_VARIABLE = YES;
				IPHONEOS_DEPLOYMENT_TARGET = 10.3;
				MTL_ENABLE_DEBUG_INFO = YES;
				ONLY_ACTIVE_ARCH = YES;
				SDKROOT = iphoneos;
				SWIFT_ACTIVE_COMPILATION_CONDITIONS = DEBUG;
				SWIFT_OPTIMIZATION_LEVEL = "-Onone";
			};
			name = Debug;
		};
		26E140B11EC690D20011C13E /* Release */ = {
			isa = XCBuildConfiguration;
			buildSettings = {
				ALWAYS_SEARCH_USER_PATHS = NO;
				CLANG_ANALYZER_NONNULL = YES;
				CLANG_ANALYZER_NUMBER_OBJECT_CONVERSION = YES_AGGRESSIVE;
				CLANG_CXX_LANGUAGE_STANDARD = "gnu++0x";
				CLANG_CXX_LIBRARY = "libc++";
				CLANG_ENABLE_MODULES = YES;
				CLANG_ENABLE_OBJC_ARC = YES;
				CLANG_WARN_BOOL_CONVERSION = YES;
				CLANG_WARN_CONSTANT_CONVERSION = YES;
				CLANG_WARN_DIRECT_OBJC_ISA_USAGE = YES_ERROR;
				CLANG_WARN_DOCUMENTATION_COMMENTS = YES;
				CLANG_WARN_EMPTY_BODY = YES;
				CLANG_WARN_ENUM_CONVERSION = YES;
				CLANG_WARN_INFINITE_RECURSION = YES;
				CLANG_WARN_INT_CONVERSION = YES;
				CLANG_WARN_OBJC_ROOT_CLASS = YES_ERROR;
				CLANG_WARN_SUSPICIOUS_MOVE = YES;
				CLANG_WARN_UNREACHABLE_CODE = YES;
				CLANG_WARN__DUPLICATE_METHOD_MATCH = YES;
				"CODE_SIGN_IDENTITY[sdk=iphoneos*]" = "iPhone Developer";
				COPY_PHASE_STRIP = NO;
				DEBUG_INFORMATION_FORMAT = "dwarf-with-dsym";
				ENABLE_NS_ASSERTIONS = NO;
				ENABLE_STRICT_OBJC_MSGSEND = YES;
				GCC_C_LANGUAGE_STANDARD = gnu99;
				GCC_NO_COMMON_BLOCKS = YES;
				GCC_WARN_64_TO_32_BIT_CONVERSION = YES;
				GCC_WARN_ABOUT_RETURN_TYPE = YES_ERROR;
				GCC_WARN_UNDECLARED_SELECTOR = YES;
				GCC_WARN_UNINITIALIZED_AUTOS = YES_AGGRESSIVE;
				GCC_WARN_UNUSED_FUNCTION = YES;
				GCC_WARN_UNUSED_VARIABLE = YES;
				IPHONEOS_DEPLOYMENT_TARGET = 10.3;
				MTL_ENABLE_DEBUG_INFO = NO;
				SDKROOT = iphoneos;
				SWIFT_OPTIMIZATION_LEVEL = "-Owholemodule";
				VALIDATE_PRODUCT = YES;
			};
			name = Release;
		};
		26E140B31EC690D20011C13E /* Debug */ = {
			isa = XCBuildConfiguration;
			buildSettings = {
				ASSETCATALOG_COMPILER_APPICON_NAME = AppIcon;
				DEVELOPMENT_TEAM = 9BD5CYJ2VD;
				INFOPLIST_FILE = MySiemensTracker/Info.plist;
				LD_RUNPATH_SEARCH_PATHS = "$(inherited) @executable_path/Frameworks";
				PRODUCT_BUNDLE_IDENTIFIER = bustasari.MySiemensTracker;
				PRODUCT_NAME = "$(TARGET_NAME)";
				SWIFT_VERSION = 3.0;
			};
			name = Debug;
		};
		26E140B41EC690D20011C13E /* Release */ = {
			isa = XCBuildConfiguration;
			buildSettings = {
				ASSETCATALOG_COMPILER_APPICON_NAME = AppIcon;
				DEVELOPMENT_TEAM = 9BD5CYJ2VD;
				INFOPLIST_FILE = MySiemensTracker/Info.plist;
				LD_RUNPATH_SEARCH_PATHS = "$(inherited) @executable_path/Frameworks";
				PRODUCT_BUNDLE_IDENTIFIER = bustasari.MySiemensTracker;
				PRODUCT_NAME = "$(TARGET_NAME)";
				SWIFT_VERSION = 3.0;
			};
			name = Release;
		};
		26E140B61EC690D20011C13E /* Debug */ = {
			isa = XCBuildConfiguration;
			buildSettings = {
				ALWAYS_EMBED_SWIFT_STANDARD_LIBRARIES = YES;
				BUNDLE_LOADER = "$(TEST_HOST)";
				DEVELOPMENT_TEAM = 9BD5CYJ2VD;
				INFOPLIST_FILE = MySiemensTrackerTests/Info.plist;
				LD_RUNPATH_SEARCH_PATHS = "$(inherited) @executable_path/Frameworks @loader_path/Frameworks";
				PRODUCT_BUNDLE_IDENTIFIER = bustasari.MySiemensTrackerTests;
				PRODUCT_NAME = "$(TARGET_NAME)";
				SWIFT_VERSION = 3.0;
				TEST_HOST = "$(BUILT_PRODUCTS_DIR)/MySiemensTracker.app/MySiemensTracker";
			};
			name = Debug;
		};
		26E140B71EC690D20011C13E /* Release */ = {
			isa = XCBuildConfiguration;
			buildSettings = {
				ALWAYS_EMBED_SWIFT_STANDARD_LIBRARIES = YES;
				BUNDLE_LOADER = "$(TEST_HOST)";
				DEVELOPMENT_TEAM = 9BD5CYJ2VD;
				INFOPLIST_FILE = MySiemensTrackerTests/Info.plist;
				LD_RUNPATH_SEARCH_PATHS = "$(inherited) @executable_path/Frameworks @loader_path/Frameworks";
				PRODUCT_BUNDLE_IDENTIFIER = bustasari.MySiemensTrackerTests;
				PRODUCT_NAME = "$(TARGET_NAME)";
				SWIFT_VERSION = 3.0;
				TEST_HOST = "$(BUILT_PRODUCTS_DIR)/MySiemensTracker.app/MySiemensTracker";
			};
			name = Release;
		};
		26E140B91EC690D20011C13E /* Debug */ = {
			isa = XCBuildConfiguration;
			buildSettings = {
				ALWAYS_EMBED_SWIFT_STANDARD_LIBRARIES = YES;
				DEVELOPMENT_TEAM = 9BD5CYJ2VD;
				INFOPLIST_FILE = MySiemensTrackerUITests/Info.plist;
				LD_RUNPATH_SEARCH_PATHS = "$(inherited) @executable_path/Frameworks @loader_path/Frameworks";
				PRODUCT_BUNDLE_IDENTIFIER = bustasari.MySiemensTrackerUITests;
				PRODUCT_NAME = "$(TARGET_NAME)";
				SWIFT_VERSION = 3.0;
				TEST_TARGET_NAME = MySiemensTracker;
			};
			name = Debug;
		};
		26E140BA1EC690D20011C13E /* Release */ = {
			isa = XCBuildConfiguration;
			buildSettings = {
				ALWAYS_EMBED_SWIFT_STANDARD_LIBRARIES = YES;
				DEVELOPMENT_TEAM = 9BD5CYJ2VD;
				INFOPLIST_FILE = MySiemensTrackerUITests/Info.plist;
				LD_RUNPATH_SEARCH_PATHS = "$(inherited) @executable_path/Frameworks @loader_path/Frameworks";
				PRODUCT_BUNDLE_IDENTIFIER = bustasari.MySiemensTrackerUITests;
				PRODUCT_NAME = "$(TARGET_NAME)";
				SWIFT_VERSION = 3.0;
				TEST_TARGET_NAME = MySiemensTracker;
			};
			name = Release;
		};
/* End XCBuildConfiguration section */

/* Begin XCConfigurationList section */
		26E140851EC690D20011C13E /* Build configuration list for PBXProject "MySiemensTracker" */ = {
			isa = XCConfigurationList;
			buildConfigurations = (
				26E140B01EC690D20011C13E /* Debug */,
				26E140B11EC690D20011C13E /* Release */,
			);
			defaultConfigurationIsVisible = 0;
			defaultConfigurationName = Release;
		};
		26E140B21EC690D20011C13E /* Build configuration list for PBXNativeTarget "MySiemensTracker" */ = {
			isa = XCConfigurationList;
			buildConfigurations = (
				26E140B31EC690D20011C13E /* Debug */,
				26E140B41EC690D20011C13E /* Release */,
			);
			defaultConfigurationIsVisible = 0;
		};
		26E140B51EC690D20011C13E /* Build configuration list for PBXNativeTarget "MySiemensTrackerTests" */ = {
			isa = XCConfigurationList;
			buildConfigurations = (
				26E140B61EC690D20011C13E /* Debug */,
				26E140B71EC690D20011C13E /* Release */,
			);
			defaultConfigurationIsVisible = 0;
		};
		26E140B81EC690D20011C13E /* Build configuration list for PBXNativeTarget "MySiemensTrackerUITests" */ = {
			isa = XCConfigurationList;
			buildConfigurations = (
				26E140B91EC690D20011C13E /* Debug */,
				26E140BA1EC690D20011C13E /* Release */,
			);
			defaultConfigurationIsVisible = 0;
		};
/* End XCConfigurationList section */
	};
	rootObject = 26E140821EC690D20011C13E /* Project object */;
}
